
Microsoft Visual Studio Solution File, Format Version 12.00
# Visual Studio Version 17
VisualStudioVersion = 17.4.33122.133
MinimumVisualStudioVersion = 10.0.40219.1
Project("{FAE04EC0-301F-11D3-BF4B-00C04F79EFBC}") = "Notepad", "Notepad\Notepad.csproj", "{19D908EB-0E3F-49A6-9685-F9D848A44ABC}"
EndProject
Global
	GlobalSection(SolutionConfigurationPlatforms) = preSolution
		Debug|Any CPU = Debug|Any CPU
		Release|Any CPU = Release|Any CPU
	EndGlobalSection
	GlobalSection(ProjectConfigurationPlatforms) = postSolution
		{19D908EB-0E3F-49A6-9685-F9D848A44ABC}.Debug|Any CPU.ActiveCfg = Debug|Any CPU
		{19D908EB-0E3F-49A6-9685-F9D848A44ABC}.Debug|Any CPU.Build.0 = Debug|Any CPU
		{19D908EB-0E3F-49A6-9685-F9D848A44ABC}.Release|Any CPU.ActiveCfg = Release|Any CPU
		{19D908EB-0E3F-49A6-9685-F9D848A44ABC}.Release|Any CPU.Build.0 = Release|Any CPU
	EndGlobalSection
	GlobalSection(SolutionProperties) = preSolution
		HideSolutionNode = FALSE
	EndGlobalSection
	GlobalSection(ExtensibilityGlobals) = postSolution
		SolutionGuid = {2A7DFB72-EBB0-4A33-8700-6F8BA3C46278}
	EndGlobalSection
EndGlobal
